// !$*UTF8*$!
{
	archiveVersion = 1;
	classes = {
	};
	objectVersion = 46;
	objects = {

/* Begin PBXBuildFile section */
		52403C6717DBD29900AB691F /* Foundation.framework in Frameworks */ = {isa = PBXBuildFile; fileRef = 52403C6617DBD29900AB691F /* Foundation.framework */; };
		52403C6A17DBD29900AB691F /* main.m in Sources */ = {isa = PBXBuildFile; fileRef = 52403C6917DBD29900AB691F /* main.m */; };
		52403C6E17DBD29900AB691F /* FirstApp.1 in CopyFiles */ = {isa = PBXBuildFile; fileRef = 52403C6D17DBD29900AB691F /* FirstApp.1 */; };
/* End PBXBuildFile section */

/* Begin PBXCopyFilesBuildPhase section */
		52403C6117DBD29900AB691F /* CopyFiles */ = {
			isa = PBXCopyFilesBuildPhase;
			buildActionMask = 2147483647;
			dstPath = /usr/share/man/man1/;
			dstSubfolderSpec = 0;
			files = (
				52403C6E17DBD29900AB691F /* FirstApp.1 in CopyFiles */,
			);
			runOnlyForDeploymentPostprocessing = 1;
		};
/* End PBXCopyFilesBuildPhase section */

/* Begin PBXFileReference section */
		52403C6317DBD29900AB691F /* FirstApp */ = {isa = PBXFileReference; explicitFileType = "compiled.mach-o.executable"; includeInIndex = 0; path = FirstApp; sourceTree = BUILT_PRODUCTS_DIR; };
		52403C6617DBD29900AB691F /* Foundation.framework */ = {isa = PBXFileReference; lastKnownFileType = wrapper.framework; name = Foundation.framework; path = System/Library/Frameworks/Foundation.framework; sourceTree = SDKROOT; };
		52403C6917DBD29900AB691F /* main.m */ = {isa = PBXFileReference; lastKnownFileType = sourcecode.c.objc; path = main.m; sourceTree = "<group>"; };
		52403C6C17DBD29900AB691F /* FirstApp-Prefix.pch */ = {isa = PBXFileReference; lastKnownFileType = sourcecode.c.h; path = "FirstApp-Prefix.pch"; sourceTree = "<group>"; };
		52403C6D17DBD29900AB691F /* FirstApp.1 */ = {isa = PBXFileReference; lastKnownFileType = text.man; path = FirstApp.1; sourceTree = "<group>"; };
/* End PBXFileReference section */

/* Begin PBXFrameworksBuildPhase section */
		52403C6017DBD29900AB691F /* Frameworks */ = {
			isa = PBXFrameworksBuildPhase;
			buildActionMask = 2147483647;
			files = (
				52403C6717DBD29900AB691F /* Foundation.framework in Frameworks */,
			);
			runOnlyForDeploymentPostprocessing = 0;
		};
/* End PBXFrameworksBuildPhase section */

/* Begin PBXGroup section */
		52403C5A17DBD29900AB691F = {
			isa = PBXGroup;
			children = (
				52403C6817DBD29900AB691F /* FirstApp */,
				52403C6517DBD29900AB691F /* Frameworks */,
				52403C6417DBD29900AB691F /* Products */,
			);
			sourceTree = "<group>";
		};
		52403C6417DBD29900AB691F /* Products */ = {
			isa = PBXGroup;
			children = (
				52403C6317DBD29900AB691F /* FirstApp */,
			);
			name = Products;
			sourceTree = "<group>";
		};
		52403C6517DBD29900AB691F /* Frameworks */ = {
			isa = PBXGroup;
			children = (
				52403C6617DBD29900AB691F /* Foundation.framework */,
			);
			name = Frameworks;
			sourceTree = "<group>";
		};
		52403C6817DBD29900AB691F /* FirstApp */ = {
			isa = PBXGroup;
			children = (
				52403C6917DBD29900AB691F /* main.m */,
				52403C6D17DBD29900AB691F /* FirstApp.1 */,
				52403C6B17DBD29900AB691F /* Supporting Files */,
			);
			path = FirstApp;
			sourceTree = "<group>";
		};
		52403C6B17DBD29900AB691F /* Supporting Files */ = {
			isa = PBXGroup;
			children = (
				52403C6C17DBD29900AB691F /* FirstApp-Prefix.pch */,
			);
			name = "Supporting Files";
			sourceTree = "<group>";
		};
/* End PBXGroup section */

/* Begin PBXNativeTarget section */
		52403C6217DBD29900AB691F /* FirstApp */ = {
			isa = PBXNativeTarget;
			buildConfigurationList = 52403C7117DBD29A00AB691F /* Build configuration list for PBXNativeTarget "FirstApp" */;
			buildPhases = (
				52403C5F17DBD29900AB691F /* Sources */,
				52403C6017DBD29900AB691F /* Frameworks */,
				52403C6117DBD29900AB691F /* CopyFiles */,
			);
			buildRules = (
			);
			dependencies = (
			);
			name = FirstApp;
			productName = FirstApp;
			productReference = 52403C6317DBD29900AB691F /* FirstApp */;
			productType = "com.apple.product-type.tool";
		};
/* End PBXNativeTarget section */

/* Begin PBXProject section */
		52403C5B17DBD29900AB691F /* Project object */ = {
			isa = PBXProject;
			attributes = {
				LastUpgradeCheck = 0460;
				ORGANIZATIONNAME = "MacBook Pro";
			};
			buildConfigurationList = 52403C5E17DBD29900AB691F /* Build configuration list for PBXProject "FirstApp" */;
			compatibilityVersion = "Xcode 3.2";
			developmentRegion = English;
			hasScannedForEncodings = 0;
			knownRegions = (
				en,
			);
			mainGroup = 52403C5A17DBD29900AB691F;
			productRefGroup = 52403C6417DBD29900AB691F /* Products */;
			projectDirPath = "";
			projectRoot = "";
			targets = (
				52403C6217DBD29900AB691F /* FirstApp */,
			);
		};
/* End PBXProject section */

/* Begin PBXSourcesBuildPhase section */
		52403C5F17DBD29900AB691F /* Sources */ = {
			isa = PBXSourcesBuildPhase;
			buildActionMask = 2147483647;
			files = (
				52403C6A17DBD29900AB691F /* main.m in Sources */,
			);
			runOnlyForDeploymentPostprocessing = 0;
		};
/* End PBXSourcesBuildPhase section */

/* Begin XCBuildConfiguration section */
		52403C6F17DBD29A00AB691F /* Debug */ = {
			isa = XCBuildConfiguration;
			buildSettings = {
				ALWAYS_SEARCH_USER_PATHS = NO;
				ARCHS = "$(ARCHS_STANDARD_64_BIT)";
				CLANG_CXX_LANGUAGE_STANDARD = "gnu++0x";
				CLANG_CXX_LIBRARY = "libc++";
				CLANG_ENABLE_OBJC_ARC = YES;
				CLANG_WARN_CONSTANT_CONVERSION = YES;
				CLANG_WARN_EMPTY_BODY = YES;
				CLANG_WARN_ENUM_CONVERSION = YES;
				CLANG_WARN_INT_CONVERSION = YES;
				CLANG_WARN__DUPLICATE_METHOD_MATCH = YES;
				COPY_PHASE_STRIP = NO;
				GCC_C_LANGUAGE_STANDARD = gnu99;
				GCC_DYNAMIC_NO_PIC = NO;
				GCC_ENABLE_OBJC_EXCEPTIONS = YES;
				GCC_OPTIMIZATION_LEVEL = 0;
				GCC_PREPROCESSOR_DEFINITIONS = (
					"DEBUG=1",
					"$(inherited)",
				);
				GCC_SYMBOLS_PRIVATE_EXTERN = NO;
				GCC_WARN_64_TO_32_BIT_CONVERSION = YES;
				GCC_WARN_ABOUT_RETURN_TYPE = YES;
				GCC_WARN_UNINITIALIZED_AUTOS = YES;
				GCC_WARN_UNUSED_VARIABLE = YES;
				MACOSX_DEPLOYMENT_TARGET = 10.8;
				ONLY_ACTIVE_ARCH = YES;
				SDKROOT = macosx;
			};
			name = Debug;
		};
		52403C7017DBD29A00AB691F /* Release */ = {
			isa = XCBuildConfiguration;
			buildSettings = {
				ALWAYS_SEARCH_USER_PATHS = NO;
				ARCHS = "$(ARCHS_STANDARD_64_BIT)";
				CLANG_CXX_LANGUAGE_STANDARD = "gnu++0x";
				CLANG_CXX_LIBRARY = "libc++";
				CLANG_ENABLE_OBJC_ARC = YES;
				CLANG_WARN_CONSTANT_CONVERSION = YES;
				CLANG_WARN_EMPTY_BODY = YES;
				CLANG_WARN_ENUM_CONVERSION = YES;
				CLANG_WARN_INT_CONVERSION = YES;
				CLANG_WARN__DUPLICATE_METHOD_MATCH = YES;
				COPY_PHASE_STRIP = YES;
				DEBUG_INFORMATION_FORMAT = "dwarf-with-dsym";
				GCC_C_LANGUAGE_STANDARD = gnu99;
				GCC_ENABLE_OBJC_EXCEPTIONS = YES;
				GCC_WARN_64_TO_32_BIT_CONVERSION = YES;
				GCC_WARN_ABOUT_RETURN_TYPE = YES;
				GCC_WARN_UNINITIALIZED_AUTOS = YES;
				GCC_WARN_UNUSED_VARIABLE = YES;
				MACOSX_DEPLOYMENT_TARGET = 10.8;
				SDKROOT = macosx;
			};
			name = Release;
		};
		52403C7217DBD29A00AB691F /* Debug */ = {
			isa = XCBuildConfiguration;
			buildSettings = {
				GCC_PRECOMPILE_PREFIX_HEADER = YES;
				GCC_PREFIX_HEADER = "FirstApp/FirstApp-Prefix.pch";
				PRODUCT_NAME = "$(TARGET_NAME)";
			};
			name = Debug;
		};
		52403C7317DBD29A00AB691F /* Release */ = {
			isa = XCBuildConfiguration;
			buildSettings = {
				GCC_PRECOMPILE_PREFIX_HEADER = YES;
				GCC_PREFIX_HEADER = "FirstApp/FirstApp-Prefix.pch";
				PRODUCT_NAME = "$(TARGET_NAME)";
			};
			name = Release;
		};
/* End XCBuildConfiguration section */

/* Begin XCConfigurationList section */
		52403C5E17DBD29900AB691F /* Build configuration list for PBXProject "FirstApp" */ = {
			isa = XCConfigurationList;
			buildConfigurations = (
				52403C6F17DBD29A00AB691F /* Debug */,
				52403C7017DBD29A00AB691F /* Release */,
			);
			defaultConfigurationIsVisible = 0;
			defaultConfigurationName = Release;
		};
		52403C7117DBD29A00AB691F /* Build configuration list for PBXNativeTarget "FirstApp" */ = {
			isa = XCConfigurationList;
			buildConfigurations = (
				52403C7217DBD29A00AB691F /* Debug */,
				52403C7317DBD29A00AB691F /* Release */,
			);
			defaultConfigurationIsVisible = 0;
		};
/* End XCConfigurationList section */
	};
	rootObject = 52403C5B17DBD29900AB691F /* Project object */;
}
